// !$*UTF8*$!
{
	archiveVersion = 1;
	classes = {
	};
	objectVersion = 46;
	objects = {

/* Begin PBXBuildFile section */
		7F4EE0551DB862CE00B67335 /* AppDelegate.swift in Sources */ = {isa = PBXBuildFile; fileRef = 7F4EE0541DB862CE00B67335 /* AppDelegate.swift */; };
		7F4EE0571DB862CE00B67335 /* ViewController.swift in Sources */ = {isa = PBXBuildFile; fileRef = 7F4EE0561DB862CE00B67335 /* ViewController.swift */; };
		7F4EE05A1DB862CE00B67335 /* Main.storyboard in Resources */ = {isa = PBXBuildFile; fileRef = 7F4EE0581DB862CE00B67335 /* Main.storyboard */; };
		7F4EE05C1DB862CE00B67335 /* Assets.xcassets in Resources */ = {isa = PBXBuildFile; fileRef = 7F4EE05B1DB862CE00B67335 /* Assets.xcassets */; };
		7F4EE05F1DB862CE00B67335 /* LaunchScreen.storyboard in Resources */ = {isa = PBXBuildFile; fileRef = 7F4EE05D1DB862CE00B67335 /* LaunchScreen.storyboard */; };
		7F4EE0691DB8636E00B67335 /* EntrantModel.swift in Sources */ = {isa = PBXBuildFile; fileRef = 7F4EE0681DB8636E00B67335 /* EntrantModel.swift */; };
		7F4EE06E1DB8800A00B67335 /* PassGeneration.swift in Sources */ = {isa = PBXBuildFile; fileRef = 7F4EE06D1DB8800A00B67335 /* PassGeneration.swift */; };
/* End PBXBuildFile section */

/* Begin PBXFileReference section */
		7F4EE0511DB862CE00B67335 /* AmusementPark.app */ = {isa = PBXFileReference; explicitFileType = wrapper.application; includeInIndex = 0; path = AmusementPark.app; sourceTree = BUILT_PRODUCTS_DIR; };
		7F4EE0541DB862CE00B67335 /* AppDelegate.swift */ = {isa = PBXFileReference; lastKnownFileType = sourcecode.swift; path = AppDelegate.swift; sourceTree = "<group>"; };
		7F4EE0561DB862CE00B67335 /* ViewController.swift */ = {isa = PBXFileReference; lastKnownFileType = sourcecode.swift; path = ViewController.swift; sourceTree = "<group>"; };
		7F4EE0591DB862CE00B67335 /* Base */ = {isa = PBXFileReference; lastKnownFileType = file.storyboard; name = Base; path = Base.lproj/Main.storyboard; sourceTree = "<group>"; };
		7F4EE05B1DB862CE00B67335 /* Assets.xcassets */ = {isa = PBXFileReference; lastKnownFileType = folder.assetcatalog; path = Assets.xcassets; sourceTree = "<group>"; };
		7F4EE05E1DB862CE00B67335 /* Base */ = {isa = PBXFileReference; lastKnownFileType = file.storyboard; name = Base; path = Base.lproj/LaunchScreen.storyboard; sourceTree = "<group>"; };
		7F4EE0601DB862CE00B67335 /* Info.plist */ = {isa = PBXFileReference; lastKnownFileType = text.plist.xml; path = Info.plist; sourceTree = "<group>"; };
		7F4EE0681DB8636E00B67335 /* EntrantModel.swift */ = {isa = PBXFileReference; fileEncoding = 4; lastKnownFileType = sourcecode.swift; path = EntrantModel.swift; sourceTree = "<group>"; };
		7F4EE06D1DB8800A00B67335 /* PassGeneration.swift */ = {isa = PBXFileReference; fileEncoding = 4; lastKnownFileType = sourcecode.swift; path = PassGeneration.swift; sourceTree = "<group>"; };
/* End PBXFileReference section */

/* Begin PBXFrameworksBuildPhase section */
		7F4EE04E1DB862CD00B67335 /* Frameworks */ = {
			isa = PBXFrameworksBuildPhase;
			buildActionMask = 2147483647;
			files = (
			);
			runOnlyForDeploymentPostprocessing = 0;
		};
/* End PBXFrameworksBuildPhase section */

/* Begin PBXGroup section */
		7F4EE0481DB862CD00B67335 = {
			isa = PBXGroup;
			children = (
				7F4EE0531DB862CE00B67335 /* AmusementPark */,
				7F4EE0521DB862CE00B67335 /* Products */,
			);
			sourceTree = "<group>";
		};
		7F4EE0521DB862CE00B67335 /* Products */ = {
			isa = PBXGroup;
			children = (
				7F4EE0511DB862CE00B67335 /* AmusementPark.app */,
			);
			name = Products;
			sourceTree = "<group>";
		};
		7F4EE0531DB862CE00B67335 /* AmusementPark */ = {
			isa = PBXGroup;
			children = (
				7F4EE06A1DB8637300B67335 /* Model */,
				7F4EE06C1DB8639200B67335 /* View */,
				7F4EE06B1DB8638000B67335 /* Controller */,
				7F4EE0541DB862CE00B67335 /* AppDelegate.swift */,
				7F4EE05B1DB862CE00B67335 /* Assets.xcassets */,
				7F4EE05D1DB862CE00B67335 /* LaunchScreen.storyboard */,
				7F4EE0601DB862CE00B67335 /* Info.plist */,
			);
			path = AmusementPark;
			sourceTree = "<group>";
		};
		7F4EE06A1DB8637300B67335 /* Model */ = {
			isa = PBXGroup;
			children = (
				7F4EE0681DB8636E00B67335 /* EntrantModel.swift */,
				7F4EE06D1DB8800A00B67335 /* PassGeneration.swift */,
			);
			name = Model;
			sourceTree = "<group>";
		};
		7F4EE06B1DB8638000B67335 /* Controller */ = {
			isa = PBXGroup;
			children = (
				7F4EE0561DB862CE00B67335 /* ViewController.swift */,
			);
			name = Controller;
			sourceTree = "<group>";
		};
		7F4EE06C1DB8639200B67335 /* View */ = {
			isa = PBXGroup;
			children = (
				7F4EE0581DB862CE00B67335 /* Main.storyboard */,
			);
			name = View;
			sourceTree = "<group>";
		};
/* End PBXGroup section */

/* Begin PBXNativeTarget section */
		7F4EE0501DB862CD00B67335 /* AmusementPark */ = {
			isa = PBXNativeTarget;
			buildConfigurationList = 7F4EE0631DB862CE00B67335 /* Build configuration list for PBXNativeTarget "AmusementPark" */;
			buildPhases = (
				7F4EE04D1DB862CD00B67335 /* Sources */,
				7F4EE04E1DB862CD00B67335 /* Frameworks */,
				7F4EE04F1DB862CD00B67335 /* Resources */,
			);
			buildRules = (
			);
			dependencies = (
			);
			name = AmusementPark;
			productName = AmusementPark;
			productReference = 7F4EE0511DB862CE00B67335 /* AmusementPark.app */;
			productType = "com.apple.product-type.application";
		};
/* End PBXNativeTarget section */

/* Begin PBXProject section */
		7F4EE0491DB862CD00B67335 /* Project object */ = {
			isa = PBXProject;
			attributes = {
				LastSwiftUpdateCheck = 0800;
				LastUpgradeCheck = 0800;
				ORGANIZATIONNAME = "The Bao";
				TargetAttributes = {
					7F4EE0501DB862CD00B67335 = {
						CreatedOnToolsVersion = 8.0;
						DevelopmentTeam = 3M8X2S8ZFX;
						ProvisioningStyle = Automatic;
					};
				};
			};
			buildConfigurationList = 7F4EE04C1DB862CD00B67335 /* Build configuration list for PBXProject "AmusementPark" */;
			compatibilityVersion = "Xcode 3.2";
			developmentRegion = English;
			hasScannedForEncodings = 0;
			knownRegions = (
				en,
				Base,
			);
			mainGroup = 7F4EE0481DB862CD00B67335;
			productRefGroup = 7F4EE0521DB862CE00B67335 /* Products */;
			projectDirPath = "";
			projectRoot = "";
			targets = (
				7F4EE0501DB862CD00B67335 /* AmusementPark */,
			);
		};
/* End PBXProject section */

/* Begin PBXResourcesBuildPhase section */
		7F4EE04F1DB862CD00B67335 /* Resources */ = {
			isa = PBXResourcesBuildPhase;
			buildActionMask = 2147483647;
			files = (
				7F4EE05F1DB862CE00B67335 /* LaunchScreen.storyboard in Resources */,
				7F4EE05C1DB862CE00B67335 /* Assets.xcassets in Resources */,
				7F4EE05A1DB862CE00B67335 /* Main.storyboard in Resources */,
			);
			runOnlyForDeploymentPostprocessing = 0;
		};
/* End PBXResourcesBuildPhase section */

/* Begin PBXSourcesBuildPhase section */
		7F4EE04D1DB862CD00B67335 /* Sources */ = {
			isa = PBXSourcesBuildPhase;
			buildActionMask = 2147483647;
			files = (
				7F4EE06E1DB8800A00B67335 /* PassGeneration.swift in Sources */,
				7F4EE0571DB862CE00B67335 /* ViewController.swift in Sources */,
				7F4EE0551DB862CE00B67335 /* AppDelegate.swift in Sources */,
				7F4EE0691DB8636E00B67335 /* EntrantModel.swift in Sources */,
			);
			runOnlyForDeploymentPostprocessing = 0;
		};
/* End PBXSourcesBuildPhase section */

/* Begin PBXVariantGroup section */
		7F4EE0581DB862CE00B67335 /* Main.storyboard */ = {
			isa = PBXVariantGroup;
			children = (
				7F4EE0591DB862CE00B67335 /* Base */,
			);
			name = Main.storyboard;
			sourceTree = "<group>";
		};
		7F4EE05D1DB862CE00B67335 /* LaunchScreen.storyboard */ = {
			isa = PBXVariantGroup;
			children = (
				7F4EE05E1DB862CE00B67335 /* Base */,
			);
			name = LaunchScreen.storyboard;
			sourceTree = "<group>";
		};
/* End PBXVariantGroup section */

/* Begin XCBuildConfiguration section */
		7F4EE0611DB862CE00B67335 /* Debug */ = {
			isa = XCBuildConfiguration;
			buildSettings = {
				ALWAYS_SEARCH_USER_PATHS = NO;
				CLANG_ANALYZER_NONNULL = YES;
				CLANG_CXX_LANGUAGE_STANDARD = "gnu++0x";
				CLANG_CXX_LIBRARY = "libc++";
				CLANG_ENABLE_MODULES = YES;
				CLANG_ENABLE_OBJC_ARC = YES;
				CLANG_WARN_BOOL_CONVERSION = YES;
				CLANG_WARN_CONSTANT_CONVERSION = YES;
				CLANG_WARN_DIRECT_OBJC_ISA_USAGE = YES_ERROR;
				CLANG_WARN_DOCUMENTATION_COMMENTS = YES;
				CLANG_WARN_EMPTY_BODY = YES;
				CLANG_WARN_ENUM_CONVERSION = YES;
				CLANG_WARN_INFINITE_RECURSION = YES;
				CLANG_WARN_INT_CONVERSION = YES;
				CLANG_WARN_OBJC_ROOT_CLASS = YES_ERROR;
				CLANG_WARN_SUSPICIOUS_MOVES = YES;
				CLANG_WARN_UNREACHABLE_CODE = YES;
				CLANG_WARN__DUPLICATE_METHOD_MATCH = YES;
				"CODE_SIGN_IDENTITY[sdk=iphoneos*]" = "iPhone Developer";
				COPY_PHASE_STRIP = NO;
				DEBUG_INFORMATION_FORMAT = dwarf;
				ENABLE_STRICT_OBJC_MSGSEND = YES;
				ENABLE_TESTABILITY = YES;
				GCC_C_LANGUAGE_STANDARD = gnu99;
				GCC_DYNAMIC_NO_PIC = NO;
				GCC_NO_COMMON_BLOCKS = YES;
				GCC_OPTIMIZATION_LEVEL = 0;
				GCC_PREPROCESSOR_DEFINITIONS = (
					"DEBUG=1",
					"$(inherited)",
				);
				GCC_WARN_64_TO_32_BIT_CONVERSION = YES;
				GCC_WARN_ABOUT_RETURN_TYPE = YES_ERROR;
				GCC_WARN_UNDECLARED_SELECTOR = YES;
				GCC_WARN_UNINITIALIZED_AUTOS = YES_AGGRESSIVE;
				GCC_WARN_UNUSED_FUNCTION = YES;
				GCC_WARN_UNUSED_VARIABLE = YES;
				IPHONEOS_DEPLOYMENT_TARGET = 10.0;
				MTL_ENABLE_DEBUG_INFO = YES;
				ONLY_ACTIVE_ARCH = YES;
				SDKROOT = iphoneos;
				SWIFT_ACTIVE_COMPILATION_CONDITIONS = DEBUG;
				SWIFT_OPTIMIZATION_LEVEL = "-Onone";
			};
			name = Debug;
		};
		7F4EE0621DB862CE00B67335 /* Release */ = {
			isa = XCBuildConfiguration;
			buildSettings = {
				ALWAYS_SEARCH_USER_PATHS = NO;
				CLANG_ANALYZER_NONNULL = YES;
				CLANG_CXX_LANGUAGE_STANDARD = "gnu++0x";
				CLANG_CXX_LIBRARY = "libc++";
				CLANG_ENABLE_MODULES = YES;
				CLANG_ENABLE_OBJC_ARC = YES;
				CLANG_WARN_BOOL_CONVERSION = YES;
				CLANG_WARN_CONSTANT_CONVERSION = YES;
				CLANG_WARN_DIRECT_OBJC_ISA_USAGE = YES_ERROR;
				CLANG_WARN_DOCUMENTATION_COMMENTS = YES;
				CLANG_WARN_EMPTY_BODY = YES;
				CLANG_WARN_ENUM_CONVERSION = YES;
				CLANG_WARN_INFINITE_RECURSION = YES;
				CLANG_WARN_INT_CONVERSION = YES;
				CLANG_WARN_OBJC_ROOT_CLASS = YES_ERROR;
				CLANG_WARN_SUSPICIOUS_MOVES = YES;
				CLANG_WARN_UNREACHABLE_CODE = YES;
				CLANG_WARN__DUPLICATE_METHOD_MATCH = YES;
				"CODE_SIGN_IDENTITY[sdk=iphoneos*]" = "iPhone Developer";
				COPY_PHASE_STRIP = NO;
				DEBUG_INFORMATION_FORMAT = "dwarf-with-dsym";
				ENABLE_NS_ASSERTIONS = NO;
				ENABLE_STRICT_OBJC_MSGSEND = YES;
				GCC_C_LANGUAGE_STANDARD = gnu99;
				GCC_NO_COMMON_BLOCKS = YES;
				GCC_WARN_64_TO_32_BIT_CONVERSION = YES;
				GCC_WARN_ABOUT_RETURN_TYPE = YES_ERROR;
				GCC_WARN_UNDECLARED_SELECTOR = YES;
				GCC_WARN_UNINITIALIZED_AUTOS = YES_AGGRESSIVE;
				GCC_WARN_UNUSED_FUNCTION = YES;
				GCC_WARN_UNUSED_VARIABLE = YES;
				IPHONEOS_DEPLOYMENT_TARGET = 10.0;
				MTL_ENABLE_DEBUG_INFO = NO;
				SDKROOT = iphoneos;
				SWIFT_OPTIMIZATION_LEVEL = "-Owholemodule";
				VALIDATE_PRODUCT = YES;
			};
			name = Release;
		};
		7F4EE0641DB862CE00B67335 /* Debug */ = {
			isa = XCBuildConfiguration;
			buildSettings = {
				ASSETCATALOG_COMPILER_APPICON_NAME = AppIcon;
				DEVELOPMENT_TEAM = 3M8X2S8ZFX;
				INFOPLIST_FILE = AmusementPark/Info.plist;
				LD_RUNPATH_SEARCH_PATHS = "$(inherited) @executable_path/Frameworks";
				PRODUCT_BUNDLE_IDENTIFIER = thebao.AmusementPark;
				PRODUCT_NAME = "$(TARGET_NAME)";
				SWIFT_VERSION = 3.0;
			};
			name = Debug;
		};
		7F4EE0651DB862CE00B67335 /* Release */ = {
			isa = XCBuildConfiguration;
			buildSettings = {
				ASSETCATALOG_COMPILER_APPICON_NAME = AppIcon;
				DEVELOPMENT_TEAM = 3M8X2S8ZFX;
				INFOPLIST_FILE = AmusementPark/Info.plist;
				LD_RUNPATH_SEARCH_PATHS = "$(inherited) @executable_path/Frameworks";
				PRODUCT_BUNDLE_IDENTIFIER = thebao.AmusementPark;
				PRODUCT_NAME = "$(TARGET_NAME)";
				SWIFT_VERSION = 3.0;
			};
			name = Release;
		};
/* End XCBuildConfiguration section */

/* Begin XCConfigurationList section */
		7F4EE04C1DB862CD00B67335 /* Build configuration list for PBXProject "AmusementPark" */ = {
			isa = XCConfigurationList;
			buildConfigurations = (
				7F4EE0611DB862CE00B67335 /* Debug */,
				7F4EE0621DB862CE00B67335 /* Release */,
			);
			defaultConfigurationIsVisible = 0;
			defaultConfigurationName = Release;
		};
		7F4EE0631DB862CE00B67335 /* Build configuration list for PBXNativeTarget "AmusementPark" */ = {
			isa = XCConfigurationList;
			buildConfigurations = (
				7F4EE0641DB862CE00B67335 /* Debug */,
				7F4EE0651DB862CE00B67335 /* Release */,
			);
			defaultConfigurationIsVisible = 0;
			defaultConfigurationName = Release;
		};
/* End XCConfigurationList section */
	};
	rootObject = 7F4EE0491DB862CD00B67335 /* Project object */;
}
